// !$*UTF8*$!
{
	archiveVersion = 1;
	classes = {
	};
	objectVersion = 50;
	objects = {

/* Begin PBXBuildFile section */
		6E4C6F8821602E6A00AA6400 /* Node.cpp in Sources */ = {isa = PBXBuildFile; fileRef = 6E4C6F8621602E6A00AA6400 /* Node.cpp */; };
		6E4C6F8B21602EB400AA6400 /* Iterator.cpp in Sources */ = {isa = PBXBuildFile; fileRef = 6E4C6F8921602EB400AA6400 /* Iterator.cpp */; };
		6E4C6F8E21602EDD00AA6400 /* List.cpp in Sources */ = {isa = PBXBuildFile; fileRef = 6E4C6F8C21602EDD00AA6400 /* List.cpp */; };
		6ED84EE92159AC6D007F2A7E /* main.cpp in Sources */ = {isa = PBXBuildFile; fileRef = 6ED84EE82159AC6D007F2A7E /* main.cpp */; };
/* End PBXBuildFile section */

/* Begin PBXCopyFilesBuildPhase section */
		6ED84EE32159AC6D007F2A7E /* CopyFiles */ = {
			isa = PBXCopyFilesBuildPhase;
			buildActionMask = 2147483647;
			dstPath = /usr/share/man/man1/;
			dstSubfolderSpec = 0;
			files = (
			);
			runOnlyForDeploymentPostprocessing = 1;
		};
/* End PBXCopyFilesBuildPhase section */

/* Begin PBXFileReference section */
		6E4C6F8621602E6A00AA6400 /* Node.cpp */ = {isa = PBXFileReference; lastKnownFileType = sourcecode.cpp.cpp; path = Node.cpp; sourceTree = "<group>"; };
		6E4C6F8721602E6A00AA6400 /* Node.h */ = {isa = PBXFileReference; lastKnownFileType = sourcecode.c.h; path = Node.h; sourceTree = "<group>"; };
		6E4C6F8921602EB400AA6400 /* Iterator.cpp */ = {isa = PBXFileReference; lastKnownFileType = sourcecode.cpp.cpp; path = Iterator.cpp; sourceTree = "<group>"; };
		6E4C6F8A21602EB400AA6400 /* Iterator.h */ = {isa = PBXFileReference; lastKnownFileType = sourcecode.c.h; path = Iterator.h; sourceTree = "<group>"; };
		6E4C6F8C21602EDD00AA6400 /* List.cpp */ = {isa = PBXFileReference; lastKnownFileType = sourcecode.cpp.cpp; path = List.cpp; sourceTree = "<group>"; };
		6E4C6F8D21602EDD00AA6400 /* List.h */ = {isa = PBXFileReference; lastKnownFileType = sourcecode.c.h; path = List.h; sourceTree = "<group>"; };
		6ED84EE52159AC6D007F2A7E /* ExternalIterator */ = {isa = PBXFileReference; explicitFileType = "compiled.mach-o.executable"; includeInIndex = 0; path = ExternalIterator; sourceTree = BUILT_PRODUCTS_DIR; };
		6ED84EE82159AC6D007F2A7E /* main.cpp */ = {isa = PBXFileReference; lastKnownFileType = sourcecode.cpp.cpp; path = main.cpp; sourceTree = "<group>"; };
/* End PBXFileReference section */

/* Begin PBXFrameworksBuildPhase section */
		6ED84EE22159AC6D007F2A7E /* Frameworks */ = {
			isa = PBXFrameworksBuildPhase;
			buildActionMask = 2147483647;
			files = (
			);
			runOnlyForDeploymentPostprocessing = 0;
		};
/* End PBXFrameworksBuildPhase section */

/* Begin PBXGroup section */
		6ED84EDC2159AC6D007F2A7E = {
			isa = PBXGroup;
			children = (
				6E4C6F8C21602EDD00AA6400 /* List.cpp */,
				6E4C6F8D21602EDD00AA6400 /* List.h */,
				6E4C6F8921602EB400AA6400 /* Iterator.cpp */,
				6E4C6F8A21602EB400AA6400 /* Iterator.h */,
				6E4C6F8621602E6A00AA6400 /* Node.cpp */,
				6E4C6F8721602E6A00AA6400 /* Node.h */,
				6ED84EE72159AC6D007F2A7E /* ExternalIterator */,
				6ED84EE62159AC6D007F2A7E /* Products */,
			);
			sourceTree = "<group>";
		};
		6ED84EE62159AC6D007F2A7E /* Products */ = {
			isa = PBXGroup;
			children = (
				6ED84EE52159AC6D007F2A7E /* ExternalIterator */,
			);
			name = Products;
			sourceTree = "<group>";
		};
		6ED84EE72159AC6D007F2A7E /* ExternalIterator */ = {
			isa = PBXGroup;
			children = (
				6ED84EE82159AC6D007F2A7E /* main.cpp */,
			);
			path = ExternalIterator;
			sourceTree = "<group>";
		};
/* End PBXGroup section */

/* Begin PBXNativeTarget section */
		6ED84EE42159AC6D007F2A7E /* ExternalIterator */ = {
			isa = PBXNativeTarget;
			buildConfigurationList = 6ED84EEC2159AC6D007F2A7E /* Build configuration list for PBXNativeTarget "ExternalIterator" */;
			buildPhases = (
				6ED84EE12159AC6D007F2A7E /* Sources */,
				6ED84EE22159AC6D007F2A7E /* Frameworks */,
				6ED84EE32159AC6D007F2A7E /* CopyFiles */,
			);
			buildRules = (
			);
			dependencies = (
			);
			name = ExternalIterator;
			productName = ExternalIterator;
			productReference = 6ED84EE52159AC6D007F2A7E /* ExternalIterator */;
			productType = "com.apple.product-type.tool";
		};
/* End PBXNativeTarget section */

/* Begin PBXProject section */
		6ED84EDD2159AC6D007F2A7E /* Project object */ = {
			isa = PBXProject;
			attributes = {
				LastUpgradeCheck = 0930;
				ORGANIZATIONNAME = "Jon Spalding";
				TargetAttributes = {
					6ED84EE42159AC6D007F2A7E = {
						CreatedOnToolsVersion = 9.3;
					};
				};
			};
			buildConfigurationList = 6ED84EE02159AC6D007F2A7E /* Build configuration list for PBXProject "ExternalIterator" */;
			compatibilityVersion = "Xcode 9.3";
			developmentRegion = en;
			hasScannedForEncodings = 0;
			knownRegions = (
				en,
			);
			mainGroup = 6ED84EDC2159AC6D007F2A7E;
			productRefGroup = 6ED84EE62159AC6D007F2A7E /* Products */;
			projectDirPath = "";
			projectRoot = "";
			targets = (
				6ED84EE42159AC6D007F2A7E /* ExternalIterator */,
			);
		};
/* End PBXProject section */

/* Begin PBXSourcesBuildPhase section */
		6ED84EE12159AC6D007F2A7E /* Sources */ = {
			isa = PBXSourcesBuildPhase;
			buildActionMask = 2147483647;
			files = (
				6E4C6F8B21602EB400AA6400 /* Iterator.cpp in Sources */,
				6E4C6F8E21602EDD00AA6400 /* List.cpp in Sources */,
				6ED84EE92159AC6D007F2A7E /* main.cpp in Sources */,
				6E4C6F8821602E6A00AA6400 /* Node.cpp in Sources */,
			);
			runOnlyForDeploymentPostprocessing = 0;
		};
/* End PBXSourcesBuildPhase section */

/* Begin XCBuildConfiguration section */
		6ED84EEA2159AC6D007F2A7E /* Debug */ = {
			isa = XCBuildConfiguration;
			buildSettings = {
				ALWAYS_SEARCH_USER_PATHS = NO;
				CLANG_ANALYZER_NONNULL = YES;
				CLANG_ANALYZER_NUMBER_OBJECT_CONVERSION = YES_AGGRESSIVE;
				CLANG_CXX_LANGUAGE_STANDARD = "gnu++14";
				CLANG_CXX_LIBRARY = "libc++";
				CLANG_ENABLE_MODULES = YES;
				CLANG_ENABLE_OBJC_ARC = YES;
				CLANG_ENABLE_OBJC_WEAK = YES;
				CLANG_WARN_BLOCK_CAPTURE_AUTORELEASING = YES;
				CLANG_WARN_BOOL_CONVERSION = YES;
				CLANG_WARN_COMMA = YES;
				CLANG_WARN_CONSTANT_CONVERSION = YES;
				CLANG_WARN_DEPRECATED_OBJC_IMPLEMENTATIONS = YES;
				CLANG_WARN_DIRECT_OBJC_ISA_USAGE = YES_ERROR;
				CLANG_WARN_DOCUMENTATION_COMMENTS = YES;
				CLANG_WARN_EMPTY_BODY = YES;
				CLANG_WARN_ENUM_CONVERSION = YES;
				CLANG_WARN_INFINITE_RECURSION = YES;
				CLANG_WARN_INT_CONVERSION = YES;
				CLANG_WARN_NON_LITERAL_NULL_CONVERSION = YES;
				CLANG_WARN_OBJC_IMPLICIT_RETAIN_SELF = YES;
				CLANG_WARN_OBJC_LITERAL_CONVERSION = YES;
				CLANG_WARN_OBJC_ROOT_CLASS = YES_ERROR;
				CLANG_WARN_RANGE_LOOP_ANALYSIS = YES;
				CLANG_WARN_STRICT_PROTOTYPES = YES;
				CLANG_WARN_SUSPICIOUS_MOVE = YES;
				CLANG_WARN_UNGUARDED_AVAILABILITY = YES_AGGRESSIVE;
				CLANG_WARN_UNREACHABLE_CODE = YES;
				CLANG_WARN__DUPLICATE_METHOD_MATCH = YES;
				CODE_SIGN_IDENTITY = "-";
				COPY_PHASE_STRIP = NO;
				DEBUG_INFORMATION_FORMAT = dwarf;
				ENABLE_STRICT_OBJC_MSGSEND = YES;
				ENABLE_TESTABILITY = YES;
				GCC_C_LANGUAGE_STANDARD = gnu11;
				GCC_DYNAMIC_NO_PIC = NO;
				GCC_NO_COMMON_BLOCKS = YES;
				GCC_OPTIMIZATION_LEVEL = 0;
				GCC_PREPROCESSOR_DEFINITIONS = (
					"DEBUG=1",
					"$(inherited)",
				);
				GCC_WARN_64_TO_32_BIT_CONVERSION = YES;
				GCC_WARN_ABOUT_RETURN_TYPE = YES_ERROR;
				GCC_WARN_UNDECLARED_SELECTOR = YES;
				GCC_WARN_UNINITIALIZED_AUTOS = YES_AGGRESSIVE;
				GCC_WARN_UNUSED_FUNCTION = YES;
				GCC_WARN_UNUSED_VARIABLE = YES;
				MACOSX_DEPLOYMENT_TARGET = 10.13;
				MTL_ENABLE_DEBUG_INFO = YES;
				ONLY_ACTIVE_ARCH = YES;
				SDKROOT = macosx;
			};
			name = Debug;
		};
		6ED84EEB2159AC6D007F2A7E /* Release */ = {
			isa = XCBuildConfiguration;
			buildSettings = {
				ALWAYS_SEARCH_USER_PATHS = NO;
				CLANG_ANALYZER_NONNULL = YES;
				CLANG_ANALYZER_NUMBER_OBJECT_CONVERSION = YES_AGGRESSIVE;
				CLANG_CXX_LANGUAGE_STANDARD = "gnu++14";
				CLANG_CXX_LIBRARY = "libc++";
				CLANG_ENABLE_MODULES = YES;
				CLANG_ENABLE_OBJC_ARC = YES;
				CLANG_ENABLE_OBJC_WEAK = YES;
				CLANG_WARN_BLOCK_CAPTURE_AUTORELEASING = YES;
				CLANG_WARN_BOOL_CONVERSION = YES;
				CLANG_WARN_COMMA = YES;
				CLANG_WARN_CONSTANT_CONVERSION = YES;
				CLANG_WARN_DEPRECATED_OBJC_IMPLEMENTATIONS = YES;
				CLANG_WARN_DIRECT_OBJC_ISA_USAGE = YES_ERROR;
				CLANG_WARN_DOCUMENTATION_COMMENTS = YES;
				CLANG_WARN_EMPTY_BODY = YES;
				CLANG_WARN_ENUM_CONVERSION = YES;
				CLANG_WARN_INFINITE_RECURSION = YES;
				CLANG_WARN_INT_CONVERSION = YES;
				CLANG_WARN_NON_LITERAL_NULL_CONVERSION = YES;
				CLANG_WARN_OBJC_IMPLICIT_RETAIN_SELF = YES;
				CLANG_WARN_OBJC_LITERAL_CONVERSION = YES;
				CLANG_WARN_OBJC_ROOT_CLASS = YES_ERROR;
				CLANG_WARN_RANGE_LOOP_ANALYSIS = YES;
				CLANG_WARN_STRICT_PROTOTYPES = YES;
				CLANG_WARN_SUSPICIOUS_MOVE = YES;
				CLANG_WARN_UNGUARDED_AVAILABILITY = YES_AGGRESSIVE;
				CLANG_WARN_UNREACHABLE_CODE = YES;
				CLANG_WARN__DUPLICATE_METHOD_MATCH = YES;
				CODE_SIGN_IDENTITY = "-";
				COPY_PHASE_STRIP = NO;
				DEBUG_INFORMATION_FORMAT = "dwarf-with-dsym";
				ENABLE_NS_ASSERTIONS = NO;
				ENABLE_STRICT_OBJC_MSGSEND = YES;
				GCC_C_LANGUAGE_STANDARD = gnu11;
				GCC_NO_COMMON_BLOCKS = YES;
				GCC_WARN_64_TO_32_BIT_CONVERSION = YES;
				GCC_WARN_ABOUT_RETURN_TYPE = YES_ERROR;
				GCC_WARN_UNDECLARED_SELECTOR = YES;
				GCC_WARN_UNINITIALIZED_AUTOS = YES_AGGRESSIVE;
				GCC_WARN_UNUSED_FUNCTION = YES;
				GCC_WARN_UNUSED_VARIABLE = YES;
				MACOSX_DEPLOYMENT_TARGET = 10.13;
				MTL_ENABLE_DEBUG_INFO = NO;
				SDKROOT = macosx;
			};
			name = Release;
		};
		6ED84EED2159AC6D007F2A7E /* Debug */ = {
			isa = XCBuildConfiguration;
			buildSettings = {
				CODE_SIGN_STYLE = Automatic;
				PRODUCT_NAME = "$(TARGET_NAME)";
			};
			name = Debug;
		};
		6ED84EEE2159AC6D007F2A7E /* Release */ = {
			isa = XCBuildConfiguration;
			buildSettings = {
				CODE_SIGN_STYLE = Automatic;
				PRODUCT_NAME = "$(TARGET_NAME)";
			};
			name = Release;
		};
/* End XCBuildConfiguration section */

/* Begin XCConfigurationList section */
		6ED84EE02159AC6D007F2A7E /* Build configuration list for PBXProject "ExternalIterator" */ = {
			isa = XCConfigurationList;
			buildConfigurations = (
				6ED84EEA2159AC6D007F2A7E /* Debug */,
				6ED84EEB2159AC6D007F2A7E /* Release */,
			);
			defaultConfigurationIsVisible = 0;
			defaultConfigurationName = Release;
		};
		6ED84EEC2159AC6D007F2A7E /* Build configuration list for PBXNativeTarget "ExternalIterator" */ = {
			isa = XCConfigurationList;
			buildConfigurations = (
				6ED84EED2159AC6D007F2A7E /* Debug */,
				6ED84EEE2159AC6D007F2A7E /* Release */,
			);
			defaultConfigurationIsVisible = 0;
			defaultConfigurationName = Release;
		};
/* End XCConfigurationList section */
	};
	rootObject = 6ED84EDD2159AC6D007F2A7E /* Project object */;
}
